
Microsoft Visual Studio Solution File, Format Version 12.00
# Visual Studio Version 17
VisualStudioVersion = 17.3.32929.385
MinimumVisualStudioVersion = 10.0.40219.1
Project("{FAE04EC0-301F-11D3-BF4B-00C04F79EFBC}") = "DartsMeter", "DartsMeter\DartsMeter.csproj", "{D89FB799-7C9A-42C0-8318-AAC3D260E8A5}"
EndProject
Global
	GlobalSection(SolutionConfigurationPlatforms) = preSolution
		Debug|Any CPU = Debug|Any CPU
		Release|Any CPU = Release|Any CPU
	EndGlobalSection
	GlobalSection(ProjectConfigurationPlatforms) = postSolution
		{D89FB799-7C9A-42C0-8318-AAC3D260E8A5}.Debug|Any CPU.ActiveCfg = Debug|Any CPU
		{D89FB799-7C9A-42C0-8318-AAC3D260E8A5}.Debug|Any CPU.Build.0 = Debug|Any CPU
		{D89FB799-7C9A-42C0-8318-AAC3D260E8A5}.Release|Any CPU.ActiveCfg = Release|Any CPU
		{D89FB799-7C9A-42C0-8318-AAC3D260E8A5}.Release|Any CPU.Build.0 = Release|Any CPU
	EndGlobalSection
	GlobalSection(SolutionProperties) = preSolution
		HideSolutionNode = FALSE
	EndGlobalSection
	GlobalSection(ExtensibilityGlobals) = postSolution
		SolutionGuid = {DE7740F3-14A9-4005-8B42-2596D2A2D82E}
	EndGlobalSection
EndGlobal
